{
  "name": "@fishtrax/core",
  "version": "0.9.17",
  "lockfileVersion": 1,
  "requires": true,
  "dependencies": {
    "@esri/react-arcgis": {
      "version": "4.0.0",
      "resolved": "https://registry.npmjs.org/@esri/react-arcgis/-/react-arcgis-4.0.0.tgz",
      "integrity": "sha512-Svb/CDOEnqSEcDmN88uAxbJ664l/pLfJ0HOlQxbTpe3dFrCN9Ey+eBgBFdZojppKEDQjZYiS3Ok5soIyBozqyQ==",
      "requires": {
        "@types/arcgis-js-api": "4.10.0",
        "esri-loader": "2.6.0",
        "react": "^16.5.2",
        "react-dom": "^16.5.2"
      }
    },
    "@types/arcgis-js-api": {
      "version": "4.10.0",
      "resolved": "https://registry.npmjs.org/@types/arcgis-js-api/-/arcgis-js-api-4.10.0.tgz",
      "integrity": "sha512-r8Ax7+s0+VbUw+dwROFFmdhLTeKBwECWIQQecTGDRR9VY02m8qVH++gZio52p5Av7DJi7IaYrwY3U5eU2brkxA=="
    },
    "esri-loader": {
      "version": "2.6.0",
      "resolved": "https://registry.npmjs.org/esri-loader/-/esri-loader-2.6.0.tgz",
      "integrity": "sha512-XY9ItlT6+5UVy0s5AS89YRVRKmMm7DqOD3f/jp/8Xxoapp6ffw79RbUnWFuM8qjYb1EewkjSwFMS+2ZAdkXzMA=="
    },
    "exenv": {
      "version": "1.2.2",
      "resolved": "https://registry.npmjs.org/exenv/-/exenv-1.2.2.tgz",
      "integrity": "sha1-KueOhdmJQVhnCwPUe+wfA72Ru50="
    },
    "js-tokens": {
      "version": "4.0.0",
      "resolved": "https://registry.npmjs.org/js-tokens/-/js-tokens-4.0.0.tgz",
      "integrity": "sha512-RdJUflcE3cUzKiMqQgsCu06FPu9UdIJO0beYbPhHN4k6apgJtifcoCtT9bcxOpYBtpD2kCM6Sbzg4CausW/PKQ=="
    },
    "loose-envify": {
      "version": "1.4.0",
      "resolved": "https://registry.npmjs.org/loose-envify/-/loose-envify-1.4.0.tgz",
      "integrity": "sha512-lyuxPGr/Wfhrlem2CL/UcnUc1zcqKAImBDzukY7Y5F/yQiNdko6+fRLevlw1HgMySw7f611UIY408EtxRSoK3Q==",
      "requires": {
        "js-tokens": "^3.0.0 || ^4.0.0"
      }
    },
    "object-assign": {
      "version": "4.1.1",
      "resolved": "https://registry.npmjs.org/object-assign/-/object-assign-4.1.1.tgz",
      "integrity": "sha1-IQmtx5ZYh8/AXLvUQsrIv7s2CGM="
    },
    "prop-types": {
      "version": "15.7.2",
      "resolved": "https://registry.npmjs.org/prop-types/-/prop-types-15.7.2.tgz",
      "integrity": "sha512-8QQikdH7//R2vurIJSutZ1smHYTcLpRWEOlHnzcWHmBYrOGUysKwSsrC89BCiFj3CbrfJ/nXFdJepOVrY1GCHQ==",
      "requires": {
        "loose-envify": "^1.4.0",
        "object-assign": "^4.1.1",
        "react-is": "^16.8.1"
      }
    },
    "react": {
      "version": "16.12.0",
      "resolved": "https://registry.npmjs.org/react/-/react-16.12.0.tgz",
      "integrity": "sha512-fglqy3k5E+81pA8s+7K0/T3DBCF0ZDOher1elBFzF7O6arXJgzyu/FW+COxFvAWXJoJN9KIZbT2LXlukwphYTA==",
      "requires": {
        "loose-envify": "^1.1.0",
        "object-assign": "^4.1.1",
        "prop-types": "^15.6.2"
      }
    },
    "react-device-detect": {
      "version": "1.11.14",
      "resolved": "https://registry.npmjs.org/react-device-detect/-/react-device-detect-1.11.14.tgz",
      "integrity": "sha512-WSjch241xI+rXHVtJaSYxNUT2WAykzfJgMI2Hg9xjNNTlIZdJu/fmWf4iedNH7qzFq+JaJ6fDJu3mrKFLerKBw==",
      "requires": {
        "ua-parser-js": "^0.7.20"
      }
    },
    "react-dom": {
      "version": "16.12.0",
      "resolved": "https://registry.npmjs.org/react-dom/-/react-dom-16.12.0.tgz",
      "integrity": "sha512-LMxFfAGrcS3kETtQaCkTKjMiifahaMySFDn71fZUNpPHZQEzmk/GiAeIT8JSOrHB23fnuCOMruL2a8NYlw+8Gw==",
      "requires": {
        "loose-envify": "^1.1.0",
        "object-assign": "^4.1.1",
        "prop-types": "^15.6.2",
        "scheduler": "^0.18.0"
      }
    },
    "react-from-dom": {
      "version": "0.3.1",
      "resolved": "https://registry.npmjs.org/react-from-dom/-/react-from-dom-0.3.1.tgz",
      "integrity": "sha512-PeNBa8iuzoD7qHA9O7YpGnXFvC+XFFwStmFh2/r2zJAvEIaRg6EwOj+EPcDIFwyYBhqPIItxIx/dGdeWiFivjQ=="
    },
    "react-inlinesvg": {
      "version": "1.2.0",
      "resolved": "https://registry.npmjs.org/react-inlinesvg/-/react-inlinesvg-1.2.0.tgz",
      "integrity": "sha512-IsznU+UzpUwDGzBWbf0bfSRA5Jbqz87xeoqLM/nSIDPkoHksInF1wCGybTSn4sIui+30TqboRQP1wAelNTkdog==",
      "requires": {
        "exenv": "^1.2.2",
        "react-from-dom": "^0.3.0"
      }
    },
    "react-is": {
      "version": "16.12.0",
      "resolved": "https://registry.npmjs.org/react-is/-/react-is-16.12.0.tgz",
      "integrity": "sha512-rPCkf/mWBtKc97aLL9/txD8DZdemK0vkA3JMLShjlJB3Pj3s+lpf1KaBzMfQrAmhMQB0n1cU/SUGgKKBCe837Q=="
    },
    "scheduler": {
      "version": "0.18.0",
      "resolved": "https://registry.npmjs.org/scheduler/-/scheduler-0.18.0.tgz",
      "integrity": "sha512-agTSHR1Nbfi6ulI0kYNK0203joW2Y5W4po4l+v03tOoiJKpTBbxpNhWDvqc/4IcOw+KLmSiQLTasZ4cab2/UWQ==",
      "requires": {
        "loose-envify": "^1.1.0",
        "object-assign": "^4.1.1"
      }
    },
    "ua-parser-js": {
      "version": "0.7.21",
      "resolved": "https://registry.npmjs.org/ua-parser-js/-/ua-parser-js-0.7.21.tgz",
      "integrity": "sha512-+O8/qh/Qj8CgC6eYBVBykMrNtp5Gebn4dlGD/kKXVkJNDwyrAwSIqwz8CDf+tsAIWVycKcku6gIXJ0qwx/ZXaQ=="
    }
  }
}
